
Microsoft Visual Studio Solution File, Format Version 12.00
# Visual Studio Version 17
VisualStudioVersion = 17.4.33213.308
MinimumVisualStudioVersion = 10.0.40219.1
Project("{FAE04EC0-301F-11D3-BF4B-00C04F79EFBC}") = "Inter_ServiceDesk_PM", "Inter_ServiceDesk_PM\Inter_ServiceDesk_PM.csproj", "{18734ABD-898F-498C-B789-168DB4D4346E}"
EndProject
Project("{FAE04EC0-301F-11D3-BF4B-00C04F79EFBC}") = "Entities", "Entities\Entities.csproj", "{4F6CD4EE-548B-49BE-908E-93CB98753184}"
EndProject
Project("{FAE04EC0-301F-11D3-BF4B-00C04F79EFBC}") = "Prueba", "Prueba\Prueba.csproj", "{32223702-5617-4238-8CDA-EA598E30C794}"
EndProject
Project("{FAE04EC0-301F-11D3-BF4B-00C04F79EFBC}") = "ServiceIMSS", "ServiceIMSS\ServiceIMSS.csproj", "{6F783DB6-B051-413D-A395-09A156427217}"
EndProject
Project("{FAE04EC0-301F-11D3-BF4B-00C04F79EFBC}") = "ServiceInvgate", "ServiceInvgate\ServiceInvgate.csproj", "{AD213E44-06C7-4861-9DC0-AC9A63172EF8}"
EndProject
Global
	GlobalSection(SolutionConfigurationPlatforms) = preSolution
		Debug|Any CPU = Debug|Any CPU
		Release|Any CPU = Release|Any CPU
	EndGlobalSection
	GlobalSection(ProjectConfigurationPlatforms) = postSolution
		{18734ABD-898F-498C-B789-168DB4D4346E}.Debug|Any CPU.ActiveCfg = Debug|Any CPU
		{18734ABD-898F-498C-B789-168DB4D4346E}.Debug|Any CPU.Build.0 = Debug|Any CPU
		{18734ABD-898F-498C-B789-168DB4D4346E}.Release|Any CPU.ActiveCfg = Release|Any CPU
		{18734ABD-898F-498C-B789-168DB4D4346E}.Release|Any CPU.Build.0 = Release|Any CPU
		{4F6CD4EE-548B-49BE-908E-93CB98753184}.Debug|Any CPU.ActiveCfg = Debug|Any CPU
		{4F6CD4EE-548B-49BE-908E-93CB98753184}.Debug|Any CPU.Build.0 = Debug|Any CPU
		{4F6CD4EE-548B-49BE-908E-93CB98753184}.Release|Any CPU.ActiveCfg = Release|Any CPU
		{4F6CD4EE-548B-49BE-908E-93CB98753184}.Release|Any CPU.Build.0 = Release|Any CPU
		{32223702-5617-4238-8CDA-EA598E30C794}.Debug|Any CPU.ActiveCfg = Debug|Any CPU
		{32223702-5617-4238-8CDA-EA598E30C794}.Debug|Any CPU.Build.0 = Debug|Any CPU
		{32223702-5617-4238-8CDA-EA598E30C794}.Release|Any CPU.ActiveCfg = Release|Any CPU
		{32223702-5617-4238-8CDA-EA598E30C794}.Release|Any CPU.Build.0 = Release|Any CPU
		{6F783DB6-B051-413D-A395-09A156427217}.Debug|Any CPU.ActiveCfg = Debug|Any CPU
		{6F783DB6-B051-413D-A395-09A156427217}.Debug|Any CPU.Build.0 = Debug|Any CPU
		{6F783DB6-B051-413D-A395-09A156427217}.Release|Any CPU.ActiveCfg = Release|Any CPU
		{6F783DB6-B051-413D-A395-09A156427217}.Release|Any CPU.Build.0 = Release|Any CPU
		{AD213E44-06C7-4861-9DC0-AC9A63172EF8}.Debug|Any CPU.ActiveCfg = Debug|Any CPU
		{AD213E44-06C7-4861-9DC0-AC9A63172EF8}.Debug|Any CPU.Build.0 = Debug|Any CPU
		{AD213E44-06C7-4861-9DC0-AC9A63172EF8}.Release|Any CPU.ActiveCfg = Release|Any CPU
		{AD213E44-06C7-4861-9DC0-AC9A63172EF8}.Release|Any CPU.Build.0 = Release|Any CPU
	EndGlobalSection
	GlobalSection(SolutionProperties) = preSolution
		HideSolutionNode = FALSE
	EndGlobalSection
	GlobalSection(ExtensibilityGlobals) = postSolution
		SolutionGuid = {347B5A9B-49FC-4CD8-A823-64DC1BA94696}
	EndGlobalSection
EndGlobal
